
Microsoft Visual Studio Solution File, Format Version 12.00
# Visual Studio Version 17
VisualStudioVersion = 17.11.35208.52
MinimumVisualStudioVersion = 10.0.40219.1
Project("{FAE04EC0-301F-11D3-BF4B-00C04F79EFBC}") = "8.1", "8.1\8.1.csproj", "{B61D42E4-A3B2-4266-9F60-AD6F106C7463}"
EndProject
Global
	GlobalSection(SolutionConfigurationPlatforms) = preSolution
		Debug|Any CPU = Debug|Any CPU
		Release|Any CPU = Release|Any CPU
	EndGlobalSection
	GlobalSection(ProjectConfigurationPlatforms) = postSolution
		{B61D42E4-A3B2-4266-9F60-AD6F106C7463}.Debug|Any CPU.ActiveCfg = Debug|Any CPU
		{B61D42E4-A3B2-4266-9F60-AD6F106C7463}.Debug|Any CPU.Build.0 = Debug|Any CPU
		{B61D42E4-A3B2-4266-9F60-AD6F106C7463}.Release|Any CPU.ActiveCfg = Release|Any CPU
		{B61D42E4-A3B2-4266-9F60-AD6F106C7463}.Release|Any CPU.Build.0 = Release|Any CPU
	EndGlobalSection
	GlobalSection(SolutionProperties) = preSolution
		HideSolutionNode = FALSE
	EndGlobalSection
	GlobalSection(ExtensibilityGlobals) = postSolution
		SolutionGuid = {E562233C-A4B0-4944-A247-605C6228129F}
	EndGlobalSection
EndGlobal
